
Microsoft Visual Studio Solution File, Format Version 15.00
# Visual Studio 2017
Project("{FAE04EC0-301F-11D3-BF4B-00C04F79EFBC}") = "IrisLib", "IrisLib.csproj", "{47658F27-9658-4941-91CE-E767F8770641}"
EndProject
Global
	GlobalSection(SolutionConfigurationPlatforms) = preSolution
		Debug|Any CPU = Debug|Any CPU
		Release|Any CPU = Release|Any CPU
	EndGlobalSection
	GlobalSection(ProjectConfigurationPlatforms) = postSolution
		{47658F27-9658-4941-91CE-E767F8770641}.Debug|Any CPU.ActiveCfg = Debug|Any CPU
		{47658F27-9658-4941-91CE-E767F8770641}.Debug|Any CPU.Build.0 = Debug|Any CPU
		{47658F27-9658-4941-91CE-E767F8770641}.Release|Any CPU.ActiveCfg = Release|Any CPU
		{47658F27-9658-4941-91CE-E767F8770641}.Release|Any CPU.Build.0 = Release|Any CPU
	EndGlobalSection
EndGlobal
