
Microsoft Visual Studio Solution File, Format Version 12.00
# Visual Studio 15
VisualStudioVersion = 15.0.26430.16
MinimumVisualStudioVersion = 10.0.40219.1
Project("{FAE04EC0-301F-11D3-BF4B-00C04F79EFBC}") = "IrisLib", "IrisLib.csproj", "{47658F27-9658-4941-91CE-E767F8770641}"
EndProject
Project("{FAE04EC0-301F-11D3-BF4B-00C04F79EFBC}") = "TestLib", "Test\TestLib\TestLib.csproj", "{EE44C7FC-4FA3-466A-8D79-D4C63B457D0B}"
EndProject
Global
	GlobalSection(SolutionConfigurationPlatforms) = preSolution
		Debug|Any CPU = Debug|Any CPU
		Release|Any CPU = Release|Any CPU
	EndGlobalSection
	GlobalSection(ProjectConfigurationPlatforms) = postSolution
		{47658F27-9658-4941-91CE-E767F8770641}.Debug|Any CPU.ActiveCfg = Debug|Any CPU
		{47658F27-9658-4941-91CE-E767F8770641}.Debug|Any CPU.Build.0 = Debug|Any CPU
		{47658F27-9658-4941-91CE-E767F8770641}.Release|Any CPU.ActiveCfg = Release|Any CPU
		{47658F27-9658-4941-91CE-E767F8770641}.Release|Any CPU.Build.0 = Release|Any CPU
		{EE44C7FC-4FA3-466A-8D79-D4C63B457D0B}.Debug|Any CPU.ActiveCfg = Debug|Any CPU
		{EE44C7FC-4FA3-466A-8D79-D4C63B457D0B}.Debug|Any CPU.Build.0 = Debug|Any CPU
		{EE44C7FC-4FA3-466A-8D79-D4C63B457D0B}.Release|Any CPU.ActiveCfg = Release|Any CPU
		{EE44C7FC-4FA3-466A-8D79-D4C63B457D0B}.Release|Any CPU.Build.0 = Release|Any CPU
	EndGlobalSection
	GlobalSection(SolutionProperties) = preSolution
		HideSolutionNode = FALSE
	EndGlobalSection
EndGlobal
