
Microsoft Visual Studio Solution File, Format Version 12.00
# Visual Studio 15
VisualStudioVersion = 15.0.27004.2006
MinimumVisualStudioVersion = 10.0.40219.1
Project("{FAE04EC0-301F-11D3-BF4B-00C04F79EFBC}") = "Sample", "Sample\Sample.csproj", "{EE44C7FC-4FA3-466A-8D79-D4C63B457D0B}"
EndProject
Project("{FAE04EC0-301F-11D3-BF4B-00C04F79EFBC}") = "ThreeLib", "src\ThreeLib.csproj", "{47658F27-9658-4941-91CE-E767F8770641}"
EndProject
Project("{2150E333-8FDC-42A3-9474-1A3956D46DE8}") = "Solution Items", "Solution Items", "{28A9B18B-76B7-4A3D-8369-CC3A6A1AD6E3}"
	ProjectSection(SolutionItems) = preProject
		appveyor.yml = appveyor.yml
		CODE_OF_CONDUCT.md = CODE_OF_CONDUCT.md
		CONTRIBUTING.md = CONTRIBUTING.md
		ISSUE_TEMPLATE.md = ISSUE_TEMPLATE.md
		README.md = README.md
		ThreeLib.nuspec = ThreeLib.nuspec
	EndProjectSection
EndProject
Global
	GlobalSection(SolutionConfigurationPlatforms) = preSolution
		Debug|Any CPU = Debug|Any CPU
		Release|Any CPU = Release|Any CPU
	EndGlobalSection
	GlobalSection(ProjectConfigurationPlatforms) = postSolution
		{EE44C7FC-4FA3-466A-8D79-D4C63B457D0B}.Debug|Any CPU.ActiveCfg = Debug|Any CPU
		{EE44C7FC-4FA3-466A-8D79-D4C63B457D0B}.Debug|Any CPU.Build.0 = Debug|Any CPU
		{EE44C7FC-4FA3-466A-8D79-D4C63B457D0B}.Release|Any CPU.ActiveCfg = Release|Any CPU
		{EE44C7FC-4FA3-466A-8D79-D4C63B457D0B}.Release|Any CPU.Build.0 = Release|Any CPU
		{47658F27-9658-4941-91CE-E767F8770641}.Debug|Any CPU.ActiveCfg = Debug|Any CPU
		{47658F27-9658-4941-91CE-E767F8770641}.Debug|Any CPU.Build.0 = Debug|Any CPU
		{47658F27-9658-4941-91CE-E767F8770641}.Release|Any CPU.ActiveCfg = Release|Any CPU
		{47658F27-9658-4941-91CE-E767F8770641}.Release|Any CPU.Build.0 = Release|Any CPU
	EndGlobalSection
	GlobalSection(SolutionProperties) = preSolution
		HideSolutionNode = FALSE
	EndGlobalSection
	GlobalSection(ExtensibilityGlobals) = postSolution
		SolutionGuid = {E1274ED4-C97C-4300-8094-7247C8266968}
	EndGlobalSection
EndGlobal
